{
  "name": "critter-reboot",
  "version": "1.0.0",
  "lockfileVersion": 1,
  "requires": true,
  "dependencies": {
    "phaser-ce": {
      "version": "2.9.2",
      "resolved": "https://registry.npmjs.org/phaser-ce/-/phaser-ce-2.9.2.tgz",
      "integrity": "sha1-BsSvmQIqIsmDo3Cz3irn2GjTsEo="
    }
  }
}
